
Microsoft Visual Studio Solution File, Format Version 12.00
# Visual Studio Version 17
VisualStudioVersion = 17.14.36212.18
MinimumVisualStudioVersion = 10.0.40219.1
Project("{FAE04EC0-301F-11D3-BF4B-00C04F79EFBC}") = "DailyFocus.Domain", "DailyFocus.Domain\DailyFocus.Domain.csproj", "{A92EBEEC-912E-4BD5-ABE2-531664441985}"
EndProject
Project("{FAE04EC0-301F-11D3-BF4B-00C04F79EFBC}") = "DailyFocus.Application", "DailyFocus.Application\DailyFocus.Application.csproj", "{696F27C2-7B4F-47D1-891B-67C79633F63A}"
EndProject
Project("{FAE04EC0-301F-11D3-BF4B-00C04F79EFBC}") = "DailyFocus.Infrastructure", "DailyFocus.Infrastructure\DailyFocus.Infrastructure.csproj", "{1438BA3B-8016-47BE-8503-6D46DBC06BF6}"
EndProject
Project("{FAE04EC0-301F-11D3-BF4B-00C04F79EFBC}") = "DailyFocus.Tests", "DailyFocus.Tests\DailyFocus.Tests.csproj", "{349D39DD-D948-471C-98FC-7F69CDEB502B}"
EndProject
Project("{FAE04EC0-301F-11D3-BF4B-00C04F79EFBC}") = "DailyFocus.Web", "DailyFocus.Web\DailyFocus.Web.csproj", "{4FD98AC5-AE00-2780-4C51-6919B9250F8E}"
EndProject
Global
	GlobalSection(SolutionConfigurationPlatforms) = preSolution
		Debug|Any CPU = Debug|Any CPU
		Release|Any CPU = Release|Any CPU
	EndGlobalSection
	GlobalSection(ProjectConfigurationPlatforms) = postSolution
		{A92EBEEC-912E-4BD5-ABE2-531664441985}.Debug|Any CPU.ActiveCfg = Debug|Any CPU
		{A92EBEEC-912E-4BD5-ABE2-531664441985}.Debug|Any CPU.Build.0 = Debug|Any CPU
		{A92EBEEC-912E-4BD5-ABE2-531664441985}.Release|Any CPU.ActiveCfg = Release|Any CPU
		{A92EBEEC-912E-4BD5-ABE2-531664441985}.Release|Any CPU.Build.0 = Release|Any CPU
		{696F27C2-7B4F-47D1-891B-67C79633F63A}.Debug|Any CPU.ActiveCfg = Debug|Any CPU
		{696F27C2-7B4F-47D1-891B-67C79633F63A}.Debug|Any CPU.Build.0 = Debug|Any CPU
		{696F27C2-7B4F-47D1-891B-67C79633F63A}.Release|Any CPU.ActiveCfg = Release|Any CPU
		{696F27C2-7B4F-47D1-891B-67C79633F63A}.Release|Any CPU.Build.0 = Release|Any CPU
		{1438BA3B-8016-47BE-8503-6D46DBC06BF6}.Debug|Any CPU.ActiveCfg = Debug|Any CPU
		{1438BA3B-8016-47BE-8503-6D46DBC06BF6}.Debug|Any CPU.Build.0 = Debug|Any CPU
		{1438BA3B-8016-47BE-8503-6D46DBC06BF6}.Release|Any CPU.ActiveCfg = Release|Any CPU
		{1438BA3B-8016-47BE-8503-6D46DBC06BF6}.Release|Any CPU.Build.0 = Release|Any CPU
		{349D39DD-D948-471C-98FC-7F69CDEB502B}.Debug|Any CPU.ActiveCfg = Debug|Any CPU
		{349D39DD-D948-471C-98FC-7F69CDEB502B}.Debug|Any CPU.Build.0 = Debug|Any CPU
		{349D39DD-D948-471C-98FC-7F69CDEB502B}.Release|Any CPU.ActiveCfg = Release|Any CPU
		{349D39DD-D948-471C-98FC-7F69CDEB502B}.Release|Any CPU.Build.0 = Release|Any CPU
		{4FD98AC5-AE00-2780-4C51-6919B9250F8E}.Debug|Any CPU.ActiveCfg = Debug|Any CPU
		{4FD98AC5-AE00-2780-4C51-6919B9250F8E}.Debug|Any CPU.Build.0 = Debug|Any CPU
		{4FD98AC5-AE00-2780-4C51-6919B9250F8E}.Release|Any CPU.ActiveCfg = Release|Any CPU
		{4FD98AC5-AE00-2780-4C51-6919B9250F8E}.Release|Any CPU.Build.0 = Release|Any CPU
	EndGlobalSection
	GlobalSection(SolutionProperties) = preSolution
		HideSolutionNode = FALSE
	EndGlobalSection
	GlobalSection(ExtensibilityGlobals) = postSolution
		SolutionGuid = {5B0528D8-2733-410F-8CEF-0D0155F03E99}
	EndGlobalSection
EndGlobal
